
Microsoft Visual Studio Solution File, Format Version 12.00
# Visual Studio Version 17
VisualStudioVersion = 17.4.33205.214
MinimumVisualStudioVersion = 10.0.40219.1
Project("{FAE04EC0-301F-11D3-BF4B-00C04F79EFBC}") = "UnitTestMasters_Session3Assignment", "UnitTestMasters_Session3Assignment\UnitTestMasters_Session3Assignment.csproj", "{4BD56D88-1EF4-4A61-B99A-6FFE0E9C1FF0}"
EndProject
Global
	GlobalSection(SolutionConfigurationPlatforms) = preSolution
		Debug|Any CPU = Debug|Any CPU
		Release|Any CPU = Release|Any CPU
	EndGlobalSection
	GlobalSection(ProjectConfigurationPlatforms) = postSolution
		{4BD56D88-1EF4-4A61-B99A-6FFE0E9C1FF0}.Debug|Any CPU.ActiveCfg = Debug|Any CPU
		{4BD56D88-1EF4-4A61-B99A-6FFE0E9C1FF0}.Debug|Any CPU.Build.0 = Debug|Any CPU
		{4BD56D88-1EF4-4A61-B99A-6FFE0E9C1FF0}.Release|Any CPU.ActiveCfg = Release|Any CPU
		{4BD56D88-1EF4-4A61-B99A-6FFE0E9C1FF0}.Release|Any CPU.Build.0 = Release|Any CPU
	EndGlobalSection
	GlobalSection(SolutionProperties) = preSolution
		HideSolutionNode = FALSE
	EndGlobalSection
	GlobalSection(ExtensibilityGlobals) = postSolution
		SolutionGuid = {47C15F4C-6586-4055-8F40-695BB9768B62}
	EndGlobalSection
EndGlobal
